
Microsoft Visual Studio Solution File, Format Version 12.00
# Visual Studio 14
VisualStudioVersion = 14.0.25123.0
MinimumVisualStudioVersion = 10.0.40219.1
Project("{FAE04EC0-301F-11D3-BF4B-00C04F79EFBC}") = "Chess", "Chess\Chess.csproj", "{5B784550-631F-4B1E-A650-2967993292E5}"
EndProject
Project("{FAE04EC0-301F-11D3-BF4B-00C04F79EFBC}") = "ChessModel", "ChessModel\ChessModel.csproj", "{B6542FBA-664A-4986-ACF9-664BF2D2646C}"
EndProject
Project("{FAE04EC0-301F-11D3-BF4B-00C04F79EFBC}") = "ChessController", "ChessController\ChessController.csproj", "{396D8766-C561-4930-A59D-91CADAC8AEC5}"
EndProject
Project("{FAE04EC0-301F-11D3-BF4B-00C04F79EFBC}") = "ConsolChess", "ConsolChess\ConsolChess.csproj", "{BF5508B5-BB0F-4E24-9583-F8401B23E76A}"
	ProjectSection(ProjectDependencies) = postProject
		{396D8766-C561-4930-A59D-91CADAC8AEC5} = {396D8766-C561-4930-A59D-91CADAC8AEC5}
		{B6542FBA-664A-4986-ACF9-664BF2D2646C} = {B6542FBA-664A-4986-ACF9-664BF2D2646C}
	EndProjectSection
EndProject
Global
	GlobalSection(SolutionConfigurationPlatforms) = preSolution
		Debug|Any CPU = Debug|Any CPU
		Release|Any CPU = Release|Any CPU
	EndGlobalSection
	GlobalSection(ProjectConfigurationPlatforms) = postSolution
		{5B784550-631F-4B1E-A650-2967993292E5}.Debug|Any CPU.ActiveCfg = Debug|Any CPU
		{5B784550-631F-4B1E-A650-2967993292E5}.Debug|Any CPU.Build.0 = Debug|Any CPU
		{5B784550-631F-4B1E-A650-2967993292E5}.Release|Any CPU.ActiveCfg = Release|Any CPU
		{5B784550-631F-4B1E-A650-2967993292E5}.Release|Any CPU.Build.0 = Release|Any CPU
		{B6542FBA-664A-4986-ACF9-664BF2D2646C}.Debug|Any CPU.ActiveCfg = Debug|Any CPU
		{B6542FBA-664A-4986-ACF9-664BF2D2646C}.Debug|Any CPU.Build.0 = Debug|Any CPU
		{B6542FBA-664A-4986-ACF9-664BF2D2646C}.Release|Any CPU.ActiveCfg = Release|Any CPU
		{B6542FBA-664A-4986-ACF9-664BF2D2646C}.Release|Any CPU.Build.0 = Release|Any CPU
		{396D8766-C561-4930-A59D-91CADAC8AEC5}.Debug|Any CPU.ActiveCfg = Debug|Any CPU
		{396D8766-C561-4930-A59D-91CADAC8AEC5}.Debug|Any CPU.Build.0 = Debug|Any CPU
		{396D8766-C561-4930-A59D-91CADAC8AEC5}.Release|Any CPU.ActiveCfg = Release|Any CPU
		{396D8766-C561-4930-A59D-91CADAC8AEC5}.Release|Any CPU.Build.0 = Release|Any CPU
		{BF5508B5-BB0F-4E24-9583-F8401B23E76A}.Debug|Any CPU.ActiveCfg = Debug|Any CPU
		{BF5508B5-BB0F-4E24-9583-F8401B23E76A}.Debug|Any CPU.Build.0 = Debug|Any CPU
		{BF5508B5-BB0F-4E24-9583-F8401B23E76A}.Release|Any CPU.ActiveCfg = Release|Any CPU
		{BF5508B5-BB0F-4E24-9583-F8401B23E76A}.Release|Any CPU.Build.0 = Release|Any CPU
	EndGlobalSection
	GlobalSection(SolutionProperties) = preSolution
		HideSolutionNode = FALSE
	EndGlobalSection
EndGlobal
